
Microsoft Visual Studio Solution File, Format Version 12.00
# Visual Studio Version 17
VisualStudioVersion = 17.0.31903.59
MinimumVisualStudioVersion = 10.0.40219.1
Project("{2150E333-8FDC-42A3-9474-1A3956D46DE8}") = "Services", "Services", "{47BDAD04-12AA-4781-8D8D-6CB0C063CC60}"
EndProject
Project("{2150E333-8FDC-42A3-9474-1A3956D46DE8}") = "Catalog", "Catalog", "{602BB307-03AF-42A5-A0A7-C8FFF276634C}"
EndProject
Project("{9A19103F-16F7-4668-BE54-9A1E7A4F7556}") = "Catalog.api", "Services\Catalog\Catalog.api\Catalog.api.csproj", "{4190375C-6BA8-4FD1-B1B7-90D218FD10EC}"
EndProject
Project("{E53339B2-1760-4266-BCC7-CA923CBCF16C}") = "docker-compose", "docker-compose.dcproj", "{34B79E8F-EA79-4177-BBC8-0309E55EBAC6}"
EndProject
Project("{2150E333-8FDC-42A3-9474-1A3956D46DE8}") = "Basket", "Basket", "{1444D4FA-B047-40E7-A781-28A8D335DF4A}"
EndProject
Project("{9A19103F-16F7-4668-BE54-9A1E7A4F7556}") = "Basket.api", "services\basket\Basket.api\Basket.api.csproj", "{C7CA7AC8-9CAB-4411-B3E7-F3C5FA8C753C}"
EndProject
Project("{2150E333-8FDC-42A3-9474-1A3956D46DE8}") = "Discount", "Discount", "{1FCED7BC-20C8-4DB8-B8D0-22E29945A8DB}"
EndProject
Project("{9A19103F-16F7-4668-BE54-9A1E7A4F7556}") = "Discount.api", "Services\Discount\Discount.api\Discount.api.csproj", "{873A0F8B-FFAE-4072-9BAB-4DB98CCA7B1A}"
EndProject
Project("{2150E333-8FDC-42A3-9474-1A3956D46DE8}") = "Order", "Order", "{9DC073D3-E828-430E-926B-7ABB5DB4F486}"
EndProject
Project("{9A19103F-16F7-4668-BE54-9A1E7A4F7556}") = "Order.api", "Services\Order\Order.api\Order.api.csproj", "{5BD7BBBF-7531-4649-A586-4AB43AC16711}"
EndProject
Project("{9A19103F-16F7-4668-BE54-9A1E7A4F7556}") = "Order.Domain", "services\Order\Order.Domain\Order.Domain.csproj", "{C6A8594B-D42E-4FC3-8803-4E2DD61B37E6}"
EndProject
Project("{9A19103F-16F7-4668-BE54-9A1E7A4F7556}") = "Order.Infrastructure", "services\Order\Order.Infrastructure\Order.Infrastructure.csproj", "{ED038F7F-5261-4D79-9D35-F20789796663}"
EndProject
Project("{9A19103F-16F7-4668-BE54-9A1E7A4F7556}") = "Order.Application", "services\Order\Order.Application\Order.Application.csproj", "{9930124B-AFB6-4D68-9EF5-82A5EC1710A7}"
EndProject
Project("{2150E333-8FDC-42A3-9474-1A3956D46DE8}") = "BuildingBlocks", "BuildingBlocks", "{B77933AF-CF8C-440D-978C-7725F84045DA}"
EndProject
Project("{9A19103F-16F7-4668-BE54-9A1E7A4F7556}") = "EventBus.Messages", "BuildingBlocks\EventBus.Messages\EventBus.Messages.csproj", "{919BC864-7ECF-4A38-83C9-7104EA2FB96B}"
EndProject
Project("{2150E333-8FDC-42A3-9474-1A3956D46DE8}") = "ApiGateways", "ApiGateways", "{0B486CFB-5F00-4E62-9AD0-23A938955898}"
EndProject
Project("{FAE04EC0-301F-11D3-BF4B-00C04F79EFBC}") = "OcelotApiGw", "ApiGateways\OcelotApiGw\OcelotApiGw.csproj", "{66FAAF52-AF78-415A-9836-F22CF1060B33}"
EndProject
Project("{2150E333-8FDC-42A3-9474-1A3956D46DE8}") = "WebApps", "WebApps", "{EFB856F8-EB98-414E-8A0A-2CBD334960A2}"
EndProject
Project("{9A19103F-16F7-4668-BE54-9A1E7A4F7556}") = "AspnetRunBasics", "WebApps\AspnetRunBasics\AspnetRunBasics.csproj", "{1EBE982C-68E9-4BD2-9D98-86ACB84D9001}"
EndProject
Global
	GlobalSection(SolutionConfigurationPlatforms) = preSolution
		Debug|Any CPU = Debug|Any CPU
		Release|Any CPU = Release|Any CPU
	EndGlobalSection
	GlobalSection(ProjectConfigurationPlatforms) = postSolution
		{4190375C-6BA8-4FD1-B1B7-90D218FD10EC}.Debug|Any CPU.ActiveCfg = Debug|Any CPU
		{4190375C-6BA8-4FD1-B1B7-90D218FD10EC}.Debug|Any CPU.Build.0 = Debug|Any CPU
		{4190375C-6BA8-4FD1-B1B7-90D218FD10EC}.Release|Any CPU.ActiveCfg = Release|Any CPU
		{4190375C-6BA8-4FD1-B1B7-90D218FD10EC}.Release|Any CPU.Build.0 = Release|Any CPU
		{34B79E8F-EA79-4177-BBC8-0309E55EBAC6}.Debug|Any CPU.ActiveCfg = Debug|Any CPU
		{34B79E8F-EA79-4177-BBC8-0309E55EBAC6}.Debug|Any CPU.Build.0 = Debug|Any CPU
		{34B79E8F-EA79-4177-BBC8-0309E55EBAC6}.Release|Any CPU.ActiveCfg = Release|Any CPU
		{34B79E8F-EA79-4177-BBC8-0309E55EBAC6}.Release|Any CPU.Build.0 = Release|Any CPU
		{C7CA7AC8-9CAB-4411-B3E7-F3C5FA8C753C}.Debug|Any CPU.ActiveCfg = Debug|Any CPU
		{C7CA7AC8-9CAB-4411-B3E7-F3C5FA8C753C}.Debug|Any CPU.Build.0 = Debug|Any CPU
		{C7CA7AC8-9CAB-4411-B3E7-F3C5FA8C753C}.Release|Any CPU.ActiveCfg = Release|Any CPU
		{C7CA7AC8-9CAB-4411-B3E7-F3C5FA8C753C}.Release|Any CPU.Build.0 = Release|Any CPU
		{873A0F8B-FFAE-4072-9BAB-4DB98CCA7B1A}.Debug|Any CPU.ActiveCfg = Debug|Any CPU
		{873A0F8B-FFAE-4072-9BAB-4DB98CCA7B1A}.Debug|Any CPU.Build.0 = Debug|Any CPU
		{873A0F8B-FFAE-4072-9BAB-4DB98CCA7B1A}.Release|Any CPU.ActiveCfg = Release|Any CPU
		{873A0F8B-FFAE-4072-9BAB-4DB98CCA7B1A}.Release|Any CPU.Build.0 = Release|Any CPU
		{5BD7BBBF-7531-4649-A586-4AB43AC16711}.Debug|Any CPU.ActiveCfg = Debug|Any CPU
		{5BD7BBBF-7531-4649-A586-4AB43AC16711}.Debug|Any CPU.Build.0 = Debug|Any CPU
		{5BD7BBBF-7531-4649-A586-4AB43AC16711}.Release|Any CPU.ActiveCfg = Release|Any CPU
		{5BD7BBBF-7531-4649-A586-4AB43AC16711}.Release|Any CPU.Build.0 = Release|Any CPU
		{C6A8594B-D42E-4FC3-8803-4E2DD61B37E6}.Debug|Any CPU.ActiveCfg = Debug|Any CPU
		{C6A8594B-D42E-4FC3-8803-4E2DD61B37E6}.Debug|Any CPU.Build.0 = Debug|Any CPU
		{C6A8594B-D42E-4FC3-8803-4E2DD61B37E6}.Release|Any CPU.ActiveCfg = Release|Any CPU
		{C6A8594B-D42E-4FC3-8803-4E2DD61B37E6}.Release|Any CPU.Build.0 = Release|Any CPU
		{ED038F7F-5261-4D79-9D35-F20789796663}.Debug|Any CPU.ActiveCfg = Debug|Any CPU
		{ED038F7F-5261-4D79-9D35-F20789796663}.Debug|Any CPU.Build.0 = Debug|Any CPU
		{ED038F7F-5261-4D79-9D35-F20789796663}.Release|Any CPU.ActiveCfg = Release|Any CPU
		{ED038F7F-5261-4D79-9D35-F20789796663}.Release|Any CPU.Build.0 = Release|Any CPU
		{9930124B-AFB6-4D68-9EF5-82A5EC1710A7}.Debug|Any CPU.ActiveCfg = Debug|Any CPU
		{9930124B-AFB6-4D68-9EF5-82A5EC1710A7}.Debug|Any CPU.Build.0 = Debug|Any CPU
		{9930124B-AFB6-4D68-9EF5-82A5EC1710A7}.Release|Any CPU.ActiveCfg = Release|Any CPU
		{9930124B-AFB6-4D68-9EF5-82A5EC1710A7}.Release|Any CPU.Build.0 = Release|Any CPU
		{919BC864-7ECF-4A38-83C9-7104EA2FB96B}.Debug|Any CPU.ActiveCfg = Debug|Any CPU
		{919BC864-7ECF-4A38-83C9-7104EA2FB96B}.Debug|Any CPU.Build.0 = Debug|Any CPU
		{919BC864-7ECF-4A38-83C9-7104EA2FB96B}.Release|Any CPU.ActiveCfg = Release|Any CPU
		{919BC864-7ECF-4A38-83C9-7104EA2FB96B}.Release|Any CPU.Build.0 = Release|Any CPU
		{66FAAF52-AF78-415A-9836-F22CF1060B33}.Debug|Any CPU.ActiveCfg = Debug|Any CPU
		{66FAAF52-AF78-415A-9836-F22CF1060B33}.Debug|Any CPU.Build.0 = Debug|Any CPU
		{66FAAF52-AF78-415A-9836-F22CF1060B33}.Release|Any CPU.ActiveCfg = Release|Any CPU
		{66FAAF52-AF78-415A-9836-F22CF1060B33}.Release|Any CPU.Build.0 = Release|Any CPU
		{1EBE982C-68E9-4BD2-9D98-86ACB84D9001}.Debug|Any CPU.ActiveCfg = Debug|Any CPU
		{1EBE982C-68E9-4BD2-9D98-86ACB84D9001}.Debug|Any CPU.Build.0 = Debug|Any CPU
		{1EBE982C-68E9-4BD2-9D98-86ACB84D9001}.Release|Any CPU.ActiveCfg = Release|Any CPU
		{1EBE982C-68E9-4BD2-9D98-86ACB84D9001}.Release|Any CPU.Build.0 = Release|Any CPU
	EndGlobalSection
	GlobalSection(SolutionProperties) = preSolution
		HideSolutionNode = FALSE
	EndGlobalSection
	GlobalSection(NestedProjects) = preSolution
		{602BB307-03AF-42A5-A0A7-C8FFF276634C} = {47BDAD04-12AA-4781-8D8D-6CB0C063CC60}
		{4190375C-6BA8-4FD1-B1B7-90D218FD10EC} = {602BB307-03AF-42A5-A0A7-C8FFF276634C}
		{1444D4FA-B047-40E7-A781-28A8D335DF4A} = {47BDAD04-12AA-4781-8D8D-6CB0C063CC60}
		{C7CA7AC8-9CAB-4411-B3E7-F3C5FA8C753C} = {1444D4FA-B047-40E7-A781-28A8D335DF4A}
		{1FCED7BC-20C8-4DB8-B8D0-22E29945A8DB} = {47BDAD04-12AA-4781-8D8D-6CB0C063CC60}
		{873A0F8B-FFAE-4072-9BAB-4DB98CCA7B1A} = {1FCED7BC-20C8-4DB8-B8D0-22E29945A8DB}
		{9DC073D3-E828-430E-926B-7ABB5DB4F486} = {47BDAD04-12AA-4781-8D8D-6CB0C063CC60}
		{5BD7BBBF-7531-4649-A586-4AB43AC16711} = {9DC073D3-E828-430E-926B-7ABB5DB4F486}
		{C6A8594B-D42E-4FC3-8803-4E2DD61B37E6} = {9DC073D3-E828-430E-926B-7ABB5DB4F486}
		{ED038F7F-5261-4D79-9D35-F20789796663} = {9DC073D3-E828-430E-926B-7ABB5DB4F486}
		{9930124B-AFB6-4D68-9EF5-82A5EC1710A7} = {9DC073D3-E828-430E-926B-7ABB5DB4F486}
		{919BC864-7ECF-4A38-83C9-7104EA2FB96B} = {B77933AF-CF8C-440D-978C-7725F84045DA}
		{66FAAF52-AF78-415A-9836-F22CF1060B33} = {0B486CFB-5F00-4E62-9AD0-23A938955898}
		{1EBE982C-68E9-4BD2-9D98-86ACB84D9001} = {EFB856F8-EB98-414E-8A0A-2CBD334960A2}
	EndGlobalSection
	GlobalSection(ExtensibilityGlobals) = postSolution
		SolutionGuid = {44C2F01D-1F24-4FE7-BB23-07420FC05D5E}
	EndGlobalSection
EndGlobal
